
Microsoft Visual Studio Solution File, Format Version 12.00
# Visual Studio Version 17
VisualStudioVersion = 17.0.32112.339
MinimumVisualStudioVersion = 10.0.40219.1
Project("{FAE04EC0-301F-11D3-BF4B-00C04F79EFBC}") = "PhotoAPI", "PhotoAPI.csproj", "{B5BB4FDA-C421-4405-A36F-FF39F249BC54}"
EndProject
Project("{E53339B2-1760-4266-BCC7-CA923CBCF16C}") = "docker-compose", "docker-compose.dcproj", "{437059EA-DCEE-42B3-A9D9-E2F7BACCA382}"
EndProject
Global
	GlobalSection(SolutionConfigurationPlatforms) = preSolution
		Debug|Any CPU = Debug|Any CPU
		Release|Any CPU = Release|Any CPU
	EndGlobalSection
	GlobalSection(ProjectConfigurationPlatforms) = postSolution
		{B5BB4FDA-C421-4405-A36F-FF39F249BC54}.Debug|Any CPU.ActiveCfg = Debug|Any CPU
		{B5BB4FDA-C421-4405-A36F-FF39F249BC54}.Debug|Any CPU.Build.0 = Debug|Any CPU
		{B5BB4FDA-C421-4405-A36F-FF39F249BC54}.Release|Any CPU.ActiveCfg = Release|Any CPU
		{B5BB4FDA-C421-4405-A36F-FF39F249BC54}.Release|Any CPU.Build.0 = Release|Any CPU
		{437059EA-DCEE-42B3-A9D9-E2F7BACCA382}.Debug|Any CPU.ActiveCfg = Debug|Any CPU
		{437059EA-DCEE-42B3-A9D9-E2F7BACCA382}.Debug|Any CPU.Build.0 = Debug|Any CPU
		{437059EA-DCEE-42B3-A9D9-E2F7BACCA382}.Release|Any CPU.ActiveCfg = Release|Any CPU
		{437059EA-DCEE-42B3-A9D9-E2F7BACCA382}.Release|Any CPU.Build.0 = Release|Any CPU
	EndGlobalSection
	GlobalSection(SolutionProperties) = preSolution
		HideSolutionNode = FALSE
	EndGlobalSection
	GlobalSection(ExtensibilityGlobals) = postSolution
		SolutionGuid = {763E42B5-3783-4324-9A36-33B1E849EA97}
	EndGlobalSection
EndGlobal
